
Microsoft Visual Studio Solution File, Format Version 12.00
# Visual Studio Version 17
VisualStudioVersion = 17.13.35818.85 d17.13
MinimumVisualStudioVersion = 10.0.40219.1
Project("{FAE04EC0-301F-11D3-BF4B-00C04F79EFBC}") = "Sistema de Estoque de Produtos - UNINOVE", "Sistema de Estoque de Produtos - UNINOVE\Sistema de Estoque de Produtos - UNINOVE.csproj", "{402655C9-46B4-45A9-8C40-1C2B6DBA255C}"
EndProject
Global
	GlobalSection(SolutionConfigurationPlatforms) = preSolution
		Debug|Any CPU = Debug|Any CPU
		Release|Any CPU = Release|Any CPU
	EndGlobalSection
	GlobalSection(ProjectConfigurationPlatforms) = postSolution
		{402655C9-46B4-45A9-8C40-1C2B6DBA255C}.Debug|Any CPU.ActiveCfg = Debug|Any CPU
		{402655C9-46B4-45A9-8C40-1C2B6DBA255C}.Debug|Any CPU.Build.0 = Debug|Any CPU
		{402655C9-46B4-45A9-8C40-1C2B6DBA255C}.Release|Any CPU.ActiveCfg = Release|Any CPU
		{402655C9-46B4-45A9-8C40-1C2B6DBA255C}.Release|Any CPU.Build.0 = Release|Any CPU
	EndGlobalSection
	GlobalSection(SolutionProperties) = preSolution
		HideSolutionNode = FALSE
	EndGlobalSection
	GlobalSection(ExtensibilityGlobals) = postSolution
		SolutionGuid = {93CE07E6-B0A4-44A6-A98D-B07BCF806A18}
	EndGlobalSection
EndGlobal
